
Microsoft Visual Studio Solution File, Format Version 12.00
# Visual Studio Version 16
VisualStudioVersion = 16.0.31515.178
MinimumVisualStudioVersion = 10.0.40219.1
Project("{FAE04EC0-301F-11D3-BF4B-00C04F79EFBC}") = "Aula09_Exercicio", "Aula09_Exercicio\Aula09_Exercicio.csproj", "{DB93B0EA-75E0-48AD-A229-460678F94FE3}"
EndProject
Global
	GlobalSection(SolutionConfigurationPlatforms) = preSolution
		Debug|Any CPU = Debug|Any CPU
		Release|Any CPU = Release|Any CPU
	EndGlobalSection
	GlobalSection(ProjectConfigurationPlatforms) = postSolution
		{DB93B0EA-75E0-48AD-A229-460678F94FE3}.Debug|Any CPU.ActiveCfg = Debug|Any CPU
		{DB93B0EA-75E0-48AD-A229-460678F94FE3}.Debug|Any CPU.Build.0 = Debug|Any CPU
		{DB93B0EA-75E0-48AD-A229-460678F94FE3}.Release|Any CPU.ActiveCfg = Release|Any CPU
		{DB93B0EA-75E0-48AD-A229-460678F94FE3}.Release|Any CPU.Build.0 = Release|Any CPU
	EndGlobalSection
	GlobalSection(SolutionProperties) = preSolution
		HideSolutionNode = FALSE
	EndGlobalSection
	GlobalSection(ExtensibilityGlobals) = postSolution
		SolutionGuid = {876AFB81-9E93-4FD0-9EDA-2EC7F960309B}
	EndGlobalSection
EndGlobal
